{
  "name": "social-links-profile-main",
  "version": "1.0.0",
  "lockfileVersion": 3,
  "requires": true,
  "packages": {
    "": {
      "name": "social-links-profile-main",
      "version": "1.0.0",
      "license": "ISC"
    },
    "../../../.nvm/versions/node/v22.15.0/lib/node_modules/css-scope": {
      "version": "1.0.0",
      "extraneous": true,
      "dependencies": {
        "css": "^2.2.1"
      }
    }
  }
}
